
Microsoft Visual Studio Solution File, Format Version 12.00
# Visual Studio Version 16
VisualStudioVersion = 25.0.1704.4
MinimumVisualStudioVersion = 10.0.40219.1
Project("{FAE04EC0-301F-11D3-BF4B-00C04F79EFBC}") = "ppt23_rajnikat", "ppt23_rajnikat.csproj", "{F55EBA54-D236-4819-9D44-25F1EE86114A}"
EndProject
Global
	GlobalSection(SolutionConfigurationPlatforms) = preSolution
		Debug|Any CPU = Debug|Any CPU
		Release|Any CPU = Release|Any CPU
	EndGlobalSection
	GlobalSection(ProjectConfigurationPlatforms) = postSolution
		{F55EBA54-D236-4819-9D44-25F1EE86114A}.Debug|Any CPU.ActiveCfg = Debug|Any CPU
		{F55EBA54-D236-4819-9D44-25F1EE86114A}.Debug|Any CPU.Build.0 = Debug|Any CPU
		{F55EBA54-D236-4819-9D44-25F1EE86114A}.Release|Any CPU.ActiveCfg = Release|Any CPU
		{F55EBA54-D236-4819-9D44-25F1EE86114A}.Release|Any CPU.Build.0 = Release|Any CPU
	EndGlobalSection
	GlobalSection(SolutionProperties) = preSolution
		HideSolutionNode = FALSE
	EndGlobalSection
	GlobalSection(ExtensibilityGlobals) = postSolution
		SolutionGuid = {931E1575-7B4B-423F-93A1-F18DF5C54C7D}
	EndGlobalSection
EndGlobal
