
Microsoft Visual Studio Solution File, Format Version 12.00
# Visual Studio Version 16
VisualStudioVersion = 25.0.1705.3
MinimumVisualStudioVersion = 10.0.40219.1
Project("{FAE04EC0-301F-11D3-BF4B-00C04F79EFBC}") = "Ppt23.Api", "Ppt23.Api.csproj", "{CB5E083C-0E5C-48E5-A5FC-16DFA95DE573}"
EndProject
Global
	GlobalSection(SolutionConfigurationPlatforms) = preSolution
		Debug|Any CPU = Debug|Any CPU
		Release|Any CPU = Release|Any CPU
	EndGlobalSection
	GlobalSection(ProjectConfigurationPlatforms) = postSolution
		{CB5E083C-0E5C-48E5-A5FC-16DFA95DE573}.Debug|Any CPU.ActiveCfg = Debug|Any CPU
		{CB5E083C-0E5C-48E5-A5FC-16DFA95DE573}.Debug|Any CPU.Build.0 = Debug|Any CPU
		{CB5E083C-0E5C-48E5-A5FC-16DFA95DE573}.Release|Any CPU.ActiveCfg = Release|Any CPU
		{CB5E083C-0E5C-48E5-A5FC-16DFA95DE573}.Release|Any CPU.Build.0 = Release|Any CPU
	EndGlobalSection
	GlobalSection(SolutionProperties) = preSolution
		HideSolutionNode = FALSE
	EndGlobalSection
	GlobalSection(ExtensibilityGlobals) = postSolution
		SolutionGuid = {DB7D79B1-3199-4F95-8236-09FDB5E03220}
	EndGlobalSection
EndGlobal
